<?xml version="1.0" encoding="UTF-8"?>
<CodeBlocks_project_file>
	<FileVersion major="1" minor="6"/>
	<Project>
		<Option title="pocket_engine"/>
		<Option makefile_is_custom="1"/>
		<Option compiler="gcc"/>
		<Option virtualFolders="CMake Files\;CMake Files\..\;CMake Files\..\..\;CMake Files\..\..\..\;CMake Files\..\..\..\..\;CMake Files\..\..\..\..\..\;CMake Files\..\..\..\..\..\usr\;CMake Files\..\..\..\..\..\usr\lib\;CMake Files\..\..\..\..\..\usr\lib\x86_64-linux-gnu\;CMake Files\..\..\..\..\..\usr\lib\x86_64-linux-gnu\cmake\;CMake Files\..\..\..\..\..\usr\lib\x86_64-linux-gnu\cmake\SDL2\;"/>
		<Build>
			<Target title="all">
				<Option working_dir="/home/snarmph/Documents/c++/engine"/>
				<Option type="4"/>
				<MakeCommands>
					<Build command="/usr/bin/gmake -f &quot;/home/snarmph/Documents/c++/engine/Makefile&quot;  VERBOSE=1 all"/>
					<CompileFile command="/usr/bin/gmake -f &quot;/home/snarmph/Documents/c++/engine/Makefile&quot;  VERBOSE=1 &quot;$file&quot;"/>
					<Clean command="/usr/bin/gmake -f &quot;/home/snarmph/Documents/c++/engine/Makefile&quot;  VERBOSE=1 clean"/>
					<DistClean command="/usr/bin/gmake -f &quot;/home/snarmph/Documents/c++/engine/Makefile&quot;  VERBOSE=1 clean"/>
				</MakeCommands>
			</Target>
			<Target title="edit_cache">
				<Option working_dir="/home/snarmph/Documents/c++/engine"/>
				<Option type="4"/>
				<MakeCommands>
					<Build command="/usr/bin/gmake -f &quot;/home/snarmph/Documents/c++/engine/Makefile&quot;  VERBOSE=1 edit_cache"/>
					<CompileFile command="/usr/bin/gmake -f &quot;/home/snarmph/Documents/c++/engine/Makefile&quot;  VERBOSE=1 &quot;$file&quot;"/>
					<Clean command="/usr/bin/gmake -f &quot;/home/snarmph/Documents/c++/engine/Makefile&quot;  VERBOSE=1 clean"/>
					<DistClean command="/usr/bin/gmake -f &quot;/home/snarmph/Documents/c++/engine/Makefile&quot;  VERBOSE=1 clean"/>
				</MakeCommands>
			</Target>
			<Target title="rebuild_cache">
				<Option working_dir="/home/snarmph/Documents/c++/engine"/>
				<Option type="4"/>
				<MakeCommands>
					<Build command="/usr/bin/gmake -f &quot;/home/snarmph/Documents/c++/engine/Makefile&quot;  VERBOSE=1 rebuild_cache"/>
					<CompileFile command="/usr/bin/gmake -f &quot;/home/snarmph/Documents/c++/engine/Makefile&quot;  VERBOSE=1 &quot;$file&quot;"/>
					<Clean command="/usr/bin/gmake -f &quot;/home/snarmph/Documents/c++/engine/Makefile&quot;  VERBOSE=1 clean"/>
					<DistClean command="/usr/bin/gmake -f &quot;/home/snarmph/Documents/c++/engine/Makefile&quot;  VERBOSE=1 clean"/>
				</MakeCommands>
			</Target>
			<Target title="pocket_engine">
				<Option output="/home/snarmph/Documents/c++/engine/pocket_engine" prefix_auto="0" extension_auto="0"/>
				<Option working_dir="/home/snarmph/Documents/c++/engine"/>
				<Option object_output="./"/>
				<Option type="1"/>
				<Option compiler="gcc"/>
				<Compiler>
					<Add directory="/home/snarmph/Documents/c++/engine/pocket_engine"/>
					<Add directory="/home/snarmph/Documents/c++/engine/src"/>
					<Add directory="/home/snarmph/Documents/c++/engine/third_party"/>
				</Compiler>
				<MakeCommands>
					<Build command="/usr/bin/gmake -f &quot;/home/snarmph/Documents/c++/engine/Makefile&quot;  VERBOSE=1 pocket_engine"/>
					<CompileFile command="/usr/bin/gmake -f &quot;/home/snarmph/Documents/c++/engine/Makefile&quot;  VERBOSE=1 &quot;$file&quot;"/>
					<Clean command="/usr/bin/gmake -f &quot;/home/snarmph/Documents/c++/engine/Makefile&quot;  VERBOSE=1 clean"/>
					<DistClean command="/usr/bin/gmake -f &quot;/home/snarmph/Documents/c++/engine/Makefile&quot;  VERBOSE=1 clean"/>
				</MakeCommands>
			</Target>
			<Target title="pocket_engine/fast">
				<Option output="/home/snarmph/Documents/c++/engine/pocket_engine" prefix_auto="0" extension_auto="0"/>
				<Option working_dir="/home/snarmph/Documents/c++/engine"/>
				<Option object_output="./"/>
				<Option type="1"/>
				<Option compiler="gcc"/>
				<Compiler>
					<Add directory="/home/snarmph/Documents/c++/engine/pocket_engine"/>
					<Add directory="/home/snarmph/Documents/c++/engine/src"/>
					<Add directory="/home/snarmph/Documents/c++/engine/third_party"/>
				</Compiler>
				<MakeCommands>
					<Build command="/usr/bin/gmake -f &quot;/home/snarmph/Documents/c++/engine/Makefile&quot;  VERBOSE=1 pocket_engine/fast"/>
					<CompileFile command="/usr/bin/gmake -f &quot;/home/snarmph/Documents/c++/engine/Makefile&quot;  VERBOSE=1 &quot;$file&quot;"/>
					<Clean command="/usr/bin/gmake -f &quot;/home/snarmph/Documents/c++/engine/Makefile&quot;  VERBOSE=1 clean"/>
					<DistClean command="/usr/bin/gmake -f &quot;/home/snarmph/Documents/c++/engine/Makefile&quot;  VERBOSE=1 clean"/>
				</MakeCommands>
			</Target>
		</Build>
		<Unit filename="/home/snarmph/Documents/c++/engine/src/main.cpp">
			<Option target="pocket_engine"/>
		</Unit>
		<Unit filename="/home/snarmph/Documents/c++/engine/src/pocket/IO/pkfile.cpp">
			<Option target="pocket_engine"/>
		</Unit>
		<Unit filename="/home/snarmph/Documents/c++/engine/src/pocket/IO/pkfile.hpp">
			<Option target="pocket_engine"/>
		</Unit>
		<Unit filename="/home/snarmph/Documents/c++/engine/src/pocket/engine.cpp">
			<Option target="pocket_engine"/>
		</Unit>
		<Unit filename="/home/snarmph/Documents/c++/engine/src/pocket/engine.hpp">
			<Option target="pocket_engine"/>
		</Unit>
		<Unit filename="/home/snarmph/Documents/c++/engine/src/pocket/graphics/batch.cpp">
			<Option target="pocket_engine"/>
		</Unit>
		<Unit filename="/home/snarmph/Documents/c++/engine/src/pocket/graphics/batch.hpp">
			<Option target="pocket_engine"/>
		</Unit>
		<Unit filename="/home/snarmph/Documents/c++/engine/src/pocket/graphics/graphics.cpp">
			<Option target="pocket_engine"/>
		</Unit>
		<Unit filename="/home/snarmph/Documents/c++/engine/src/pocket/graphics/graphics.hpp">
			<Option target="pocket_engine"/>
		</Unit>
		<Unit filename="/home/snarmph/Documents/c++/engine/src/pocket/graphics/shader.cpp">
			<Option target="pocket_engine"/>
		</Unit>
		<Unit filename="/home/snarmph/Documents/c++/engine/src/pocket/graphics/shader.hpp">
			<Option target="pocket_engine"/>
		</Unit>
		<Unit filename="/home/snarmph/Documents/c++/engine/src/pocket/graphics/sprite.cpp">
			<Option target="pocket_engine"/>
		</Unit>
		<Unit filename="/home/snarmph/Documents/c++/engine/src/pocket/graphics/sprite.hpp">
			<Option target="pocket_engine"/>
		</Unit>
		<Unit filename="/home/snarmph/Documents/c++/engine/src/pocket/graphics/texture.cpp">
			<Option target="pocket_engine"/>
		</Unit>
		<Unit filename="/home/snarmph/Documents/c++/engine/src/pocket/graphics/texture.hpp">
			<Option target="pocket_engine"/>
		</Unit>
		<Unit filename="/home/snarmph/Documents/c++/engine/src/pocket/graphics/tilemap.cpp">
			<Option target="pocket_engine"/>
		</Unit>
		<Unit filename="/home/snarmph/Documents/c++/engine/src/pocket/graphics/tilemap.hpp">
			<Option target="pocket_engine"/>
		</Unit>
		<Unit filename="/home/snarmph/Documents/c++/engine/src/pocket/input/input.cpp">
			<Option target="pocket_engine"/>
		</Unit>
		<Unit filename="/home/snarmph/Documents/c++/engine/src/pocket/input/input.hpp">
			<Option target="pocket_engine"/>
		</Unit>
		<Unit filename="/home/snarmph/Documents/c++/engine/src/pocket/json/deserializer.cpp">
			<Option target="pocket_engine"/>
		</Unit>
		<Unit filename="/home/snarmph/Documents/c++/engine/src/pocket/json/deserializer.hpp">
			<Option target="pocket_engine"/>
		</Unit>
		<Unit filename="/home/snarmph/Documents/c++/engine/src/pocket/json/parser.cpp">
			<Option target="pocket_engine"/>
		</Unit>
		<Unit filename="/home/snarmph/Documents/c++/engine/src/pocket/json/parser.hpp">
			<Option target="pocket_engine"/>
		</Unit>
		<Unit filename="/home/snarmph/Documents/c++/engine/src/pocket/json/readfile.cpp">
			<Option target="pocket_engine"/>
		</Unit>
		<Unit filename="/home/snarmph/Documents/c++/engine/src/pocket/json/readfile.hpp">
			<Option target="pocket_engine"/>
		</Unit>
		<Unit filename="/home/snarmph/Documents/c++/engine/src/pocket/math/constants.cpp">
			<Option target="pocket_engine"/>
		</Unit>
		<Unit filename="/home/snarmph/Documents/c++/engine/src/pocket/math/constants.hpp">
			<Option target="pocket_engine"/>
		</Unit>
		<Unit filename="/home/snarmph/Documents/c++/engine/src/pocket/math/matmath.cpp">
			<Option target="pocket_engine"/>
		</Unit>
		<Unit filename="/home/snarmph/Documents/c++/engine/src/pocket/math/matmath.hpp">
			<Option target="pocket_engine"/>
		</Unit>
		<Unit filename="/home/snarmph/Documents/c++/engine/src/pocket/math/rect.hpp">
			<Option target="pocket_engine"/>
		</Unit>
		<Unit filename="/home/snarmph/Documents/c++/engine/src/pocket/math/vecmath.cpp">
			<Option target="pocket_engine"/>
		</Unit>
		<Unit filename="/home/snarmph/Documents/c++/engine/src/pocket/math/vecmath.hpp">
			<Option target="pocket_engine"/>
		</Unit>
		<Unit filename="/home/snarmph/Documents/c++/engine/src/pocket/window.cpp">
			<Option target="pocket_engine"/>
		</Unit>
		<Unit filename="/home/snarmph/Documents/c++/engine/src/pocket/window.hpp">
			<Option target="pocket_engine"/>
		</Unit>
		<Unit filename="/home/snarmph/Documents/c++/engine/third_party/glad/glad.c">
			<Option target="pocket_engine"/>
		</Unit>
		<Unit filename="/home/snarmph/Documents/c++/engine/third_party/glad/glad.h">
			<Option target="pocket_engine"/>
		</Unit>
		<Unit filename="/home/snarmph/Documents/c++/engine/CMakeLists.txt">
			<Option virtualFolder="CMake Files\"/>
		</Unit>
		<Unit filename="/home/snarmph/Documents/c++/engine/../../../../../usr/lib/x86_64-linux-gnu/cmake/SDL2/sdl2-config-version.cmake">
			<Option virtualFolder="CMake Files\..\..\..\..\..\usr\lib\x86_64-linux-gnu\cmake\SDL2\"/>
		</Unit>
		<Unit filename="/home/snarmph/Documents/c++/engine/../../../../../usr/lib/x86_64-linux-gnu/cmake/SDL2/sdl2-config.cmake">
			<Option virtualFolder="CMake Files\..\..\..\..\..\usr\lib\x86_64-linux-gnu\cmake\SDL2\"/>
		</Unit>
	</Project>
</CodeBlocks_project_file>
