<?xml version="1.0" encoding="utf-8"?>
<Project ToolsVersion="4.0" xmlns="http://schemas.microsoft.com/developer/msbuild/2003">
  <ItemGroup>
    <Filter Include="File di origine">
      <UniqueIdentifier>{4FC737F1-C7A5-4376-A066-2A32D752A2FF}</UniqueIdentifier>
      <Extensions>cpp;c;cc;cxx;c++;cppm;ixx;def;odl;idl;hpj;bat;asm;asmx</Extensions>
    </Filter>
    <Filter Include="File di intestazione">
      <UniqueIdentifier>{93995380-89BD-4b04-88EB-625FBE52EBFB}</UniqueIdentifier>
      <Extensions>h;hh;hpp;hxx;h++;hm;inl;inc;ipp;xsd</Extensions>
    </Filter>
    <Filter Include="File di risorse">
      <UniqueIdentifier>{67DA6AB6-F800-4c08-8B7A-83BB121AAD01}</UniqueIdentifier>
      <Extensions>rc;ico;cur;bmp;dlg;rc2;rct;bin;rgs;gif;jpg;jpeg;jpe;resx;tiff;tif;png;wav;mfcribbon-ms</Extensions>
    </Filter>
  </ItemGroup>
  <ItemGroup>
    <ClCompile Include="src\main.cpp">
      <Filter>File di origine</Filter>
    </ClCompile>
    <ClCompile Include="third_party\sokol\sokol.cpp">
      <Filter>File di origine</Filter>
    </ClCompile>
    <ClCompile Include="src\pocket\core\engine.cpp">
      <Filter>File di origine</Filter>
    </ClCompile>
    <ClCompile Include="src\pocket\containers\string.cpp">
      <Filter>File di origine</Filter>
    </ClCompile>
    <ClCompile Include="src\pocket\math\constants.cpp">
      <Filter>File di origine</Filter>
    </ClCompile>
    <ClCompile Include="src\pocket\math\matmath.cpp">
      <Filter>File di origine</Filter>
    </ClCompile>
    <ClCompile Include="src\pocket\math\vecmath.cpp">
      <Filter>File di origine</Filter>
    </ClCompile>
    <ClCompile Include="src\pocket\json\deserializer.cpp">
      <Filter>File di origine</Filter>
    </ClCompile>
    <ClCompile Include="src\pocket\json\parser.cpp">
      <Filter>File di origine</Filter>
    </ClCompile>
    <ClCompile Include="src\pocket\json\readfile.cpp">
      <Filter>File di origine</Filter>
    </ClCompile>
    <ClCompile Include="src\pocket\IO\pkfile.cpp">
      <Filter>File di origine</Filter>
    </ClCompile>
    <ClCompile Include="src\pocket\generated\tileset_data.cpp">
      <Filter>File di origine</Filter>
    </ClCompile>
    <ClCompile Include="src\pocket\core\time.cpp">
      <Filter>File di origine</Filter>
    </ClCompile>
    <ClCompile Include="src\pocket\input\input.cpp">
      <Filter>File di origine</Filter>
    </ClCompile>
    <ClCompile Include="src\pocket\graphics\texture.cpp">
      <Filter>File di origine</Filter>
    </ClCompile>
    <ClCompile Include="src\pocket\graphics\batch.cpp">
      <Filter>File di origine</Filter>
    </ClCompile>
    <ClCompile Include="src\pocket\core\world.cpp">
      <Filter>File di origine</Filter>
    </ClCompile>
    <ClCompile Include="src\pocket\core\factory.cpp">
      <Filter>File di origine</Filter>
    </ClCompile>
    <ClCompile Include="src\pocket\components\animator.cpp">
      <Filter>File di origine</Filter>
    </ClCompile>
    <ClCompile Include="src\pocket\components\map_manager.cpp">
      <Filter>File di origine</Filter>
    </ClCompile>
    <ClCompile Include="src\pocket\components\movement.cpp">
      <Filter>File di origine</Filter>
    </ClCompile>
    <ClCompile Include="src\pocket\components\player_controller.cpp">
      <Filter>File di origine</Filter>
    </ClCompile>
    <ClCompile Include="src\pocket\components\sprite.cpp">
      <Filter>File di origine</Filter>
    </ClCompile>
    <ClCompile Include="src\pocket\components\tilemap.cpp">
      <Filter>File di origine</Filter>
    </ClCompile>
    <ClCompile Include="src\pocket\components\tilemap_animator.cpp">
      <Filter>File di origine</Filter>
    </ClCompile>
    <ClCompile Include="src\pocket\scripts\script_manager.cpp">
      <Filter>File di origine</Filter>
    </ClCompile>
    <ClCompile Include="third_party\lua\lapi.c">
      <Filter>File di origine</Filter>
    </ClCompile>
    <ClCompile Include="third_party\lua\lauxlib.c">
      <Filter>File di origine</Filter>
    </ClCompile>
    <ClCompile Include="third_party\lua\lbaselib.c">
      <Filter>File di origine</Filter>
    </ClCompile>
    <ClCompile Include="third_party\lua\lcode.c">
      <Filter>File di origine</Filter>
    </ClCompile>
    <ClCompile Include="third_party\lua\ldblib.c">
      <Filter>File di origine</Filter>
    </ClCompile>
    <ClCompile Include="third_party\lua\ldebug.c">
      <Filter>File di origine</Filter>
    </ClCompile>
    <ClCompile Include="third_party\lua\ldo.c">
      <Filter>File di origine</Filter>
    </ClCompile>
    <ClCompile Include="third_party\lua\ldump.c">
      <Filter>File di origine</Filter>
    </ClCompile>
    <ClCompile Include="third_party\lua\lfunc.c">
      <Filter>File di origine</Filter>
    </ClCompile>
    <ClCompile Include="third_party\lua\lgc.c">
      <Filter>File di origine</Filter>
    </ClCompile>
    <ClCompile Include="third_party\lua\linit.c">
      <Filter>File di origine</Filter>
    </ClCompile>
    <ClCompile Include="third_party\lua\liolib.c">
      <Filter>File di origine</Filter>
    </ClCompile>
    <ClCompile Include="third_party\lua\llex.c">
      <Filter>File di origine</Filter>
    </ClCompile>
    <ClCompile Include="third_party\lua\lmathlib.c">
      <Filter>File di origine</Filter>
    </ClCompile>
    <ClCompile Include="third_party\lua\lmem.c">
      <Filter>File di origine</Filter>
    </ClCompile>
    <ClCompile Include="third_party\lua\loadlib.c">
      <Filter>File di origine</Filter>
    </ClCompile>
    <ClCompile Include="third_party\lua\lobject.c">
      <Filter>File di origine</Filter>
    </ClCompile>
    <ClCompile Include="third_party\lua\lopcodes.c">
      <Filter>File di origine</Filter>
    </ClCompile>
    <ClCompile Include="third_party\lua\loslib.c">
      <Filter>File di origine</Filter>
    </ClCompile>
    <ClCompile Include="third_party\lua\lparser.c">
      <Filter>File di origine</Filter>
    </ClCompile>
    <ClCompile Include="third_party\lua\lstate.c">
      <Filter>File di origine</Filter>
    </ClCompile>
    <ClCompile Include="third_party\lua\lstring.c">
      <Filter>File di origine</Filter>
    </ClCompile>
    <ClCompile Include="third_party\lua\lstrlib.c">
      <Filter>File di origine</Filter>
    </ClCompile>
    <ClCompile Include="third_party\lua\ltable.c">
      <Filter>File di origine</Filter>
    </ClCompile>
    <ClCompile Include="third_party\lua\ltablib.c">
      <Filter>File di origine</Filter>
    </ClCompile>
    <ClCompile Include="third_party\lua\ltm.c">
      <Filter>File di origine</Filter>
    </ClCompile>
    <ClCompile Include="third_party\lua\lundump.c">
      <Filter>File di origine</Filter>
    </ClCompile>
    <ClCompile Include="third_party\lua\lvm.c">
      <Filter>File di origine</Filter>
    </ClCompile>
    <ClCompile Include="third_party\lua\lzio.c">
      <Filter>File di origine</Filter>
    </ClCompile>
    <ClCompile Include="third_party\lua\print.c">
      <Filter>File di origine</Filter>
    </ClCompile>
    <ClCompile Include="third_party\stb\stb.cpp">
      <Filter>File di origine</Filter>
    </ClCompile>
    <ClCompile Include="src\pocket\graphics\font.cpp">
      <Filter>File di origine</Filter>
    </ClCompile>
  </ItemGroup>
  <ItemGroup>
    <None Include="shaders\basic.frag" />
    <None Include="shaders\basic.vert" />
    <None Include="data\scripts\init.lua" />
    <None Include="data\scripts\main.lua" />
  </ItemGroup>
  <ItemGroup>
    <ClInclude Include="third_party\sokol\sokol_app.h">
      <Filter>File di intestazione</Filter>
    </ClInclude>
    <ClInclude Include="third_party\sokol\sokol_gfx.h">
      <Filter>File di intestazione</Filter>
    </ClInclude>
    <ClInclude Include="third_party\sokol\sokol.h">
      <Filter>File di intestazione</Filter>
    </ClInclude>
    <ClInclude Include="src\pocket\core\engine.hpp">
      <Filter>File di intestazione</Filter>
    </ClInclude>
    <ClInclude Include="src\pocket\containers\containers.hpp">
      <Filter>File di intestazione</Filter>
    </ClInclude>
    <ClInclude Include="src\pocket\containers\string.hpp">
      <Filter>File di intestazione</Filter>
    </ClInclude>
    <ClInclude Include="src\pocket\containers\vector.hpp">
      <Filter>File di intestazione</Filter>
    </ClInclude>
    <ClInclude Include="src\pocket\math\constants.hpp">
      <Filter>File di intestazione</Filter>
    </ClInclude>
    <ClInclude Include="src\pocket\math\mat.hpp">
      <Filter>File di intestazione</Filter>
    </ClInclude>
    <ClInclude Include="src\pocket\math\matmath.hpp">
      <Filter>File di intestazione</Filter>
    </ClInclude>
    <ClInclude Include="src\pocket\math\rect.hpp">
      <Filter>File di intestazione</Filter>
    </ClInclude>
    <ClInclude Include="src\pocket\math\vec.hpp">
      <Filter>File di intestazione</Filter>
    </ClInclude>
    <ClInclude Include="src\pocket\math\vecmath.hpp">
      <Filter>File di intestazione</Filter>
    </ClInclude>
    <ClInclude Include="src\pocket\json\deserializer.hpp">
      <Filter>File di intestazione</Filter>
    </ClInclude>
    <ClInclude Include="src\pocket\json\json.hpp">
      <Filter>File di intestazione</Filter>
    </ClInclude>
    <ClInclude Include="src\pocket\json\parser.hpp">
      <Filter>File di intestazione</Filter>
    </ClInclude>
    <ClInclude Include="src\pocket\json\readfile.hpp">
      <Filter>File di intestazione</Filter>
    </ClInclude>
    <ClInclude Include="src\pocket\json\token.hpp">
      <Filter>File di intestazione</Filter>
    </ClInclude>
    <ClInclude Include="src\pocket\json\typedefs.hpp">
      <Filter>File di intestazione</Filter>
    </ClInclude>
    <ClInclude Include="src\pocket\json\value.hpp">
      <Filter>File di intestazione</Filter>
    </ClInclude>
    <ClInclude Include="src\pocket\threads\thread_pool.hpp">
      <Filter>File di intestazione</Filter>
    </ClInclude>
    <ClInclude Include="src\pocket\util\crash.hpp">
      <Filter>File di intestazione</Filter>
    </ClInclude>
    <ClInclude Include="src\pocket\util\pkassert.h">
      <Filter>File di intestazione</Filter>
    </ClInclude>
    <ClInclude Include="src\pocket\IO\pkfile.hpp">
      <Filter>File di intestazione</Filter>
    </ClInclude>
    <ClInclude Include="src\pocket\generated\tileset_data.hpp">
      <Filter>File di intestazione</Filter>
    </ClInclude>
    <ClInclude Include="src\pocket\generated\tileset_data_fromjson.hpp">
      <Filter>File di intestazione</Filter>
    </ClInclude>
    <ClInclude Include="src\pocket\debug\benchmark.hpp">
      <Filter>File di intestazione</Filter>
    </ClInclude>
    <ClInclude Include="third_party\sokol\sokol_time.h">
      <Filter>File di intestazione</Filter>
    </ClInclude>
    <ClInclude Include="third_party\sokol\sokol_glue.h">
      <Filter>File di intestazione</Filter>
    </ClInclude>
    <ClInclude Include="src\pocket\core\time.hpp">
      <Filter>File di intestazione</Filter>
    </ClInclude>
    <ClInclude Include="src\pocket\input\input.hpp">
      <Filter>File di intestazione</Filter>
    </ClInclude>
    <ClInclude Include="src\pocket\graphics\texture.hpp">
      <Filter>File di intestazione</Filter>
    </ClInclude>
    <ClInclude Include="src\pocket\graphics\batch.hpp">
      <Filter>File di intestazione</Filter>
    </ClInclude>
    <ClInclude Include="third_party\sokol\sokol_gl.h">
      <Filter>File di intestazione</Filter>
    </ClInclude>
    <ClInclude Include="src\pocket\core\types.hpp">
      <Filter>File di intestazione</Filter>
    </ClInclude>
    <ClInclude Include="src\pocket\core\world.hpp">
      <Filter>File di intestazione</Filter>
    </ClInclude>
    <ClInclude Include="src\pocket\core\factory.hpp">
      <Filter>File di intestazione</Filter>
    </ClInclude>
    <ClInclude Include="src\pocket\components\animator.hpp">
      <Filter>File di intestazione</Filter>
    </ClInclude>
    <ClInclude Include="src\pocket\components\collider.hpp">
      <Filter>File di intestazione</Filter>
    </ClInclude>
    <ClInclude Include="src\pocket\components\map_manager.hpp">
      <Filter>File di intestazione</Filter>
    </ClInclude>
    <ClInclude Include="src\pocket\components\movement.hpp">
      <Filter>File di intestazione</Filter>
    </ClInclude>
    <ClInclude Include="src\pocket\components\player_controller.hpp">
      <Filter>File di intestazione</Filter>
    </ClInclude>
    <ClInclude Include="src\pocket\components\sprite.hpp">
      <Filter>File di intestazione</Filter>
    </ClInclude>
    <ClInclude Include="src\pocket\components\tilemap.hpp">
      <Filter>File di intestazione</Filter>
    </ClInclude>
    <ClInclude Include="src\pocket\components\tilemap_animator.hpp">
      <Filter>File di intestazione</Filter>
    </ClInclude>
    <ClInclude Include="src\pocket\pocket.hpp">
      <Filter>File di intestazione</Filter>
    </ClInclude>
    <ClInclude Include="src\pocket\scripts\script_manager.hpp">
      <Filter>File di intestazione</Filter>
    </ClInclude>
    <ClInclude Include="third_party\lua\lapi.h">
      <Filter>File di intestazione</Filter>
    </ClInclude>
    <ClInclude Include="third_party\lua\lauxlib.h">
      <Filter>File di intestazione</Filter>
    </ClInclude>
    <ClInclude Include="third_party\lua\lcode.h">
      <Filter>File di intestazione</Filter>
    </ClInclude>
    <ClInclude Include="third_party\lua\ldebug.h">
      <Filter>File di intestazione</Filter>
    </ClInclude>
    <ClInclude Include="third_party\lua\ldo.h">
      <Filter>File di intestazione</Filter>
    </ClInclude>
    <ClInclude Include="third_party\lua\lfunc.h">
      <Filter>File di intestazione</Filter>
    </ClInclude>
    <ClInclude Include="third_party\lua\lgc.h">
      <Filter>File di intestazione</Filter>
    </ClInclude>
    <ClInclude Include="third_party\lua\llex.h">
      <Filter>File di intestazione</Filter>
    </ClInclude>
    <ClInclude Include="third_party\lua\llimits.h">
      <Filter>File di intestazione</Filter>
    </ClInclude>
    <ClInclude Include="third_party\lua\lmem.h">
      <Filter>File di intestazione</Filter>
    </ClInclude>
    <ClInclude Include="third_party\lua\lobject.h">
      <Filter>File di intestazione</Filter>
    </ClInclude>
    <ClInclude Include="third_party\lua\lopcodes.h">
      <Filter>File di intestazione</Filter>
    </ClInclude>
    <ClInclude Include="third_party\lua\lparser.h">
      <Filter>File di intestazione</Filter>
    </ClInclude>
    <ClInclude Include="third_party\lua\lstate.h">
      <Filter>File di intestazione</Filter>
    </ClInclude>
    <ClInclude Include="third_party\lua\lstring.h">
      <Filter>File di intestazione</Filter>
    </ClInclude>
    <ClInclude Include="third_party\lua\ltable.h">
      <Filter>File di intestazione</Filter>
    </ClInclude>
    <ClInclude Include="third_party\lua\ltm.h">
      <Filter>File di intestazione</Filter>
    </ClInclude>
    <ClInclude Include="third_party\lua\lua.h">
      <Filter>File di intestazione</Filter>
    </ClInclude>
    <ClInclude Include="third_party\lua\lua.hpp">
      <Filter>File di intestazione</Filter>
    </ClInclude>
    <ClInclude Include="third_party\lua\luaconf.h">
      <Filter>File di intestazione</Filter>
    </ClInclude>
    <ClInclude Include="third_party\lua\lualib.h">
      <Filter>File di intestazione</Filter>
    </ClInclude>
    <ClInclude Include="third_party\lua\lundump.h">
      <Filter>File di intestazione</Filter>
    </ClInclude>
    <ClInclude Include="third_party\lua\lvm.h">
      <Filter>File di intestazione</Filter>
    </ClInclude>
    <ClInclude Include="third_party\lua\lzio.h">
      <Filter>File di intestazione</Filter>
    </ClInclude>
    <ClInclude Include="third_party\stb\stb_truetype.h">
      <Filter>File di intestazione</Filter>
    </ClInclude>
    <ClInclude Include="third_party\stb\stb_image.h">
      <Filter>File di intestazione</Filter>
    </ClInclude>
    <ClInclude Include="third_party\stb\stb.h">
      <Filter>File di intestazione</Filter>
    </ClInclude>
    <ClInclude Include="src\pocket\graphics\font.hpp">
      <Filter>File di intestazione</Filter>
    </ClInclude>
  </ItemGroup>
</Project>